{
  "name": "test-nemoprint-printer-sdk",
  "version": "1.0.0",
  "lockfileVersion": 3,
  "requires": true,
  "packages": {
    "": {
      "name": "test-nemoprint-printer-sdk",
      "version": "1.0.0",
      "dependencies": {
        "@nemoprint/printer-sdk": "^1.0.0"
      }
    },
    "node_modules/@nemoprint/printer-sdk": {
      "version": "1.0.0",
      "resolved": "https://registry.npmjs.org/@nemoprint/printer-sdk/-/printer-sdk-1.0.0.tgz",
      "integrity": "sha512-AB+BzZC6APW7wcu9BjGD4CSdJZL+0QBIOytycUTq1y5qL9aQuFX16xsm9oKVN68UITgB1nfcJ00t9U9ZeFTi+Q==",
      "license": "ISC"
    }
  }
}
